
Microsoft Visual Studio Solution File, Format Version 12.00
# Visual Studio Version 17
VisualStudioVersion = 17.8.34330.188
MinimumVisualStudioVersion = 10.0.40219.1
Project("{FAE04EC0-301F-11D3-BF4B-00C04F79EFBC}") = "sales-web-mvc", "sales-web-mvc\sales-web-mvc.csproj", "{89B9ECF9-9490-483F-AC12-5D8FE039DE95}"
EndProject
Global
	GlobalSection(SolutionConfigurationPlatforms) = preSolution
		Debug|Any CPU = Debug|Any CPU
		Release|Any CPU = Release|Any CPU
	EndGlobalSection
	GlobalSection(ProjectConfigurationPlatforms) = postSolution
		{89B9ECF9-9490-483F-AC12-5D8FE039DE95}.Debug|Any CPU.ActiveCfg = Debug|Any CPU
		{89B9ECF9-9490-483F-AC12-5D8FE039DE95}.Debug|Any CPU.Build.0 = Debug|Any CPU
		{89B9ECF9-9490-483F-AC12-5D8FE039DE95}.Release|Any CPU.ActiveCfg = Release|Any CPU
		{89B9ECF9-9490-483F-AC12-5D8FE039DE95}.Release|Any CPU.Build.0 = Release|Any CPU
	EndGlobalSection
	GlobalSection(SolutionProperties) = preSolution
		HideSolutionNode = FALSE
	EndGlobalSection
	GlobalSection(ExtensibilityGlobals) = postSolution
		SolutionGuid = {126E03E1-EFA4-437F-9BF4-188E1A7F3E23}
	EndGlobalSection
EndGlobal
